// !$*UTF8*$!
{
	archiveVersion = 1;
	classes = {
	};
	objectVersion = 55;
	objects = {

/* Begin PBXBuildFile section */
		B5DD4ABB283CC2170059F195 /* AppDelegate.swift in Sources */ = {isa = PBXBuildFile; fileRef = B5DD4ABA283CC2170059F195 /* AppDelegate.swift */; };
		B5DD4ABD283CC2170059F195 /* SceneDelegate.swift in Sources */ = {isa = PBXBuildFile; fileRef = B5DD4ABC283CC2170059F195 /* SceneDelegate.swift */; };
		B5DD4ABF283CC2170059F195 /* ViewController.swift in Sources */ = {isa = PBXBuildFile; fileRef = B5DD4ABE283CC2170059F195 /* ViewController.swift */; };
		B5DD4AC2283CC2170059F195 /* Main.storyboard in Resources */ = {isa = PBXBuildFile; fileRef = B5DD4AC0283CC2170059F195 /* Main.storyboard */; };
		B5DD4AC4283CC2190059F195 /* Assets.xcassets in Resources */ = {isa = PBXBuildFile; fileRef = B5DD4AC3283CC2190059F195 /* Assets.xcassets */; };
		B5DD4AC7283CC2190059F195 /* LaunchScreen.storyboard in Resources */ = {isa = PBXBuildFile; fileRef = B5DD4AC5283CC2190059F195 /* LaunchScreen.storyboard */; };
		B5DD4AED283CD2400059F195 /* ConfettiAnimation.swift in Sources */ = {isa = PBXBuildFile; fileRef = B5DD4AEC283CD2400059F195 /* ConfettiAnimation.swift */; };
/* End PBXBuildFile section */

/* Begin PBXContainerItemProxy section */
		B5DD4ACE283CC2190059F195 /* PBXContainerItemProxy */ = {
			isa = PBXContainerItemProxy;
			containerPortal = B5DD4AAF283CC2170059F195 /* Project object */;
			proxyType = 1;
			remoteGlobalIDString = B5DD4AB6283CC2170059F195;
			remoteInfo = ConfettiAnimation;
		};
		B5DD4AD8283CC2190059F195 /* PBXContainerItemProxy */ = {
			isa = PBXContainerItemProxy;
			containerPortal = B5DD4AAF283CC2170059F195 /* Project object */;
			proxyType = 1;
			remoteGlobalIDString = B5DD4AB6283CC2170059F195;
			remoteInfo = ConfettiAnimation;
		};
/* End PBXContainerItemProxy section */

/* Begin PBXFileReference section */
		B5DD4AB7283CC2170059F195 /* ConfettiAnimation.app */ = {isa = PBXFileReference; explicitFileType = wrapper.application; includeInIndex = 0; path = ConfettiAnimation.app; sourceTree = BUILT_PRODUCTS_DIR; };
		B5DD4ABA283CC2170059F195 /* AppDelegate.swift */ = {isa = PBXFileReference; lastKnownFileType = sourcecode.swift; path = AppDelegate.swift; sourceTree = "<group>"; };
		B5DD4ABC283CC2170059F195 /* SceneDelegate.swift */ = {isa = PBXFileReference; lastKnownFileType = sourcecode.swift; path = SceneDelegate.swift; sourceTree = "<group>"; };
		B5DD4ABE283CC2170059F195 /* ViewController.swift */ = {isa = PBXFileReference; lastKnownFileType = sourcecode.swift; path = ViewController.swift; sourceTree = "<group>"; };
		B5DD4AC1283CC2170059F195 /* Base */ = {isa = PBXFileReference; lastKnownFileType = file.storyboard; name = Base; path = Base.lproj/Main.storyboard; sourceTree = "<group>"; };
		B5DD4AC3283CC2190059F195 /* Assets.xcassets */ = {isa = PBXFileReference; lastKnownFileType = folder.assetcatalog; path = Assets.xcassets; sourceTree = "<group>"; };
		B5DD4AC6283CC2190059F195 /* Base */ = {isa = PBXFileReference; lastKnownFileType = file.storyboard; name = Base; path = Base.lproj/LaunchScreen.storyboard; sourceTree = "<group>"; };
		B5DD4AC8283CC2190059F195 /* Info.plist */ = {isa = PBXFileReference; lastKnownFileType = text.plist.xml; path = Info.plist; sourceTree = "<group>"; };
		B5DD4ACD283CC2190059F195 /* ConfettiAnimationTests.xctest */ = {isa = PBXFileReference; explicitFileType = wrapper.cfbundle; includeInIndex = 0; path = ConfettiAnimationTests.xctest; sourceTree = BUILT_PRODUCTS_DIR; };
		B5DD4AD7283CC2190059F195 /* ConfettiAnimationUITests.xctest */ = {isa = PBXFileReference; explicitFileType = wrapper.cfbundle; includeInIndex = 0; path = ConfettiAnimationUITests.xctest; sourceTree = BUILT_PRODUCTS_DIR; };
		B5DD4AEC283CD2400059F195 /* ConfettiAnimation.swift */ = {isa = PBXFileReference; lastKnownFileType = sourcecode.swift; path = ConfettiAnimation.swift; sourceTree = "<group>"; };
/* End PBXFileReference section */

/* Begin PBXFrameworksBuildPhase section */
		B5DD4AB4283CC2170059F195 /* Frameworks */ = {
			isa = PBXFrameworksBuildPhase;
			buildActionMask = 2147483647;
			files = (
			);
			runOnlyForDeploymentPostprocessing = 0;
		};
		B5DD4ACA283CC2190059F195 /* Frameworks */ = {
			isa = PBXFrameworksBuildPhase;
			buildActionMask = 2147483647;
			files = (
			);
			runOnlyForDeploymentPostprocessing = 0;
		};
		B5DD4AD4283CC2190059F195 /* Frameworks */ = {
			isa = PBXFrameworksBuildPhase;
			buildActionMask = 2147483647;
			files = (
			);
			runOnlyForDeploymentPostprocessing = 0;
		};
/* End PBXFrameworksBuildPhase section */

/* Begin PBXGroup section */
		B5DD4AAE283CC2170059F195 = {
			isa = PBXGroup;
			children = (
				B5DD4AB9283CC2170059F195 /* ConfettiAnimation */,
				B5DD4AB8283CC2170059F195 /* Products */,
			);
			sourceTree = "<group>";
		};
		B5DD4AB8283CC2170059F195 /* Products */ = {
			isa = PBXGroup;
			children = (
				B5DD4AB7283CC2170059F195 /* ConfettiAnimation.app */,
				B5DD4ACD283CC2190059F195 /* ConfettiAnimationTests.xctest */,
				B5DD4AD7283CC2190059F195 /* ConfettiAnimationUITests.xctest */,
			);
			name = Products;
			sourceTree = "<group>";
		};
		B5DD4AB9283CC2170059F195 /* ConfettiAnimation */ = {
			isa = PBXGroup;
			children = (
				B5DD4ABA283CC2170059F195 /* AppDelegate.swift */,
				B5DD4ABC283CC2170059F195 /* SceneDelegate.swift */,
				B5DD4ABE283CC2170059F195 /* ViewController.swift */,
				B5DD4AEC283CD2400059F195 /* ConfettiAnimation.swift */,
				B5DD4AC0283CC2170059F195 /* Main.storyboard */,
				B5DD4AC3283CC2190059F195 /* Assets.xcassets */,
				B5DD4AC5283CC2190059F195 /* LaunchScreen.storyboard */,
				B5DD4AC8283CC2190059F195 /* Info.plist */,
			);
			path = ConfettiAnimation;
			sourceTree = "<group>";
		};
/* End PBXGroup section */

/* Begin PBXNativeTarget section */
		B5DD4AB6283CC2170059F195 /* ConfettiAnimation */ = {
			isa = PBXNativeTarget;
			buildConfigurationList = B5DD4AE1283CC2190059F195 /* Build configuration list for PBXNativeTarget "ConfettiAnimation" */;
			buildPhases = (
				B5DD4AB3283CC2170059F195 /* Sources */,
				B5DD4AB4283CC2170059F195 /* Frameworks */,
				B5DD4AB5283CC2170059F195 /* Resources */,
			);
			buildRules = (
			);
			dependencies = (
			);
			name = ConfettiAnimation;
			productName = ConfettiAnimation;
			productReference = B5DD4AB7283CC2170059F195 /* ConfettiAnimation.app */;
			productType = "com.apple.product-type.application";
		};
		B5DD4ACC283CC2190059F195 /* ConfettiAnimationTests */ = {
			isa = PBXNativeTarget;
			buildConfigurationList = B5DD4AE4283CC2190059F195 /* Build configuration list for PBXNativeTarget "ConfettiAnimationTests" */;
			buildPhases = (
				B5DD4AC9283CC2190059F195 /* Sources */,
				B5DD4ACA283CC2190059F195 /* Frameworks */,
				B5DD4ACB283CC2190059F195 /* Resources */,
			);
			buildRules = (
			);
			dependencies = (
				B5DD4ACF283CC2190059F195 /* PBXTargetDependency */,
			);
			name = ConfettiAnimationTests;
			productName = ConfettiAnimationTests;
			productReference = B5DD4ACD283CC2190059F195 /* ConfettiAnimationTests.xctest */;
			productType = "com.apple.product-type.bundle.unit-test";
		};
		B5DD4AD6283CC2190059F195 /* ConfettiAnimationUITests */ = {
			isa = PBXNativeTarget;
			buildConfigurationList = B5DD4AE7283CC2190059F195 /* Build configuration list for PBXNativeTarget "ConfettiAnimationUITests" */;
			buildPhases = (
				B5DD4AD3283CC2190059F195 /* Sources */,
				B5DD4AD4283CC2190059F195 /* Frameworks */,
				B5DD4AD5283CC2190059F195 /* Resources */,
			);
			buildRules = (
			);
			dependencies = (
				B5DD4AD9283CC2190059F195 /* PBXTargetDependency */,
			);
			name = ConfettiAnimationUITests;
			productName = ConfettiAnimationUITests;
			productReference = B5DD4AD7283CC2190059F195 /* ConfettiAnimationUITests.xctest */;
			productType = "com.apple.product-type.bundle.ui-testing";
		};
/* End PBXNativeTarget section */

/* Begin PBXProject section */
		B5DD4AAF283CC2170059F195 /* Project object */ = {
			isa = PBXProject;
			attributes = {
				BuildIndependentTargetsInParallel = 1;
				LastSwiftUpdateCheck = 1330;
				LastUpgradeCheck = 1330;
				TargetAttributes = {
					B5DD4AB6283CC2170059F195 = {
						CreatedOnToolsVersion = 13.3.1;
					};
					B5DD4ACC283CC2190059F195 = {
						CreatedOnToolsVersion = 13.3.1;
						TestTargetID = B5DD4AB6283CC2170059F195;
					};
					B5DD4AD6283CC2190059F195 = {
						CreatedOnToolsVersion = 13.3.1;
						TestTargetID = B5DD4AB6283CC2170059F195;
					};
				};
			};
			buildConfigurationList = B5DD4AB2283CC2170059F195 /* Build configuration list for PBXProject "ConfettiAnimation" */;
			compatibilityVersion = "Xcode 13.0";
			developmentRegion = en;
			hasScannedForEncodings = 0;
			knownRegions = (
				en,
				Base,
			);
			mainGroup = B5DD4AAE283CC2170059F195;
			productRefGroup = B5DD4AB8283CC2170059F195 /* Products */;
			projectDirPath = "";
			projectRoot = "";
			targets = (
				B5DD4AB6283CC2170059F195 /* ConfettiAnimation */,
				B5DD4ACC283CC2190059F195 /* ConfettiAnimationTests */,
				B5DD4AD6283CC2190059F195 /* ConfettiAnimationUITests */,
			);
		};
/* End PBXProject section */

/* Begin PBXResourcesBuildPhase section */
		B5DD4AB5283CC2170059F195 /* Resources */ = {
			isa = PBXResourcesBuildPhase;
			buildActionMask = 2147483647;
			files = (
				B5DD4AC7283CC2190059F195 /* LaunchScreen.storyboard in Resources */,
				B5DD4AC4283CC2190059F195 /* Assets.xcassets in Resources */,
				B5DD4AC2283CC2170059F195 /* Main.storyboard in Resources */,
			);
			runOnlyForDeploymentPostprocessing = 0;
		};
		B5DD4ACB283CC2190059F195 /* Resources */ = {
			isa = PBXResourcesBuildPhase;
			buildActionMask = 2147483647;
			files = (
			);
			runOnlyForDeploymentPostprocessing = 0;
		};
		B5DD4AD5283CC2190059F195 /* Resources */ = {
			isa = PBXResourcesBuildPhase;
			buildActionMask = 2147483647;
			files = (
			);
			runOnlyForDeploymentPostprocessing = 0;
		};
/* End PBXResourcesBuildPhase section */

/* Begin PBXSourcesBuildPhase section */
		B5DD4AB3283CC2170059F195 /* Sources */ = {
			isa = PBXSourcesBuildPhase;
			buildActionMask = 2147483647;
			files = (
				B5DD4ABF283CC2170059F195 /* ViewController.swift in Sources */,
				B5DD4ABB283CC2170059F195 /* AppDelegate.swift in Sources */,
				B5DD4AED283CD2400059F195 /* ConfettiAnimation.swift in Sources */,
				B5DD4ABD283CC2170059F195 /* SceneDelegate.swift in Sources */,
			);
			runOnlyForDeploymentPostprocessing = 0;
		};
		B5DD4AC9283CC2190059F195 /* Sources */ = {
			isa = PBXSourcesBuildPhase;
			buildActionMask = 2147483647;
			files = (
			);
			runOnlyForDeploymentPostprocessing = 0;
		};
		B5DD4AD3283CC2190059F195 /* Sources */ = {
			isa = PBXSourcesBuildPhase;
			buildActionMask = 2147483647;
			files = (
			);
			runOnlyForDeploymentPostprocessing = 0;
		};
/* End PBXSourcesBuildPhase section */

/* Begin PBXTargetDependency section */
		B5DD4ACF283CC2190059F195 /* PBXTargetDependency */ = {
			isa = PBXTargetDependency;
			target = B5DD4AB6283CC2170059F195 /* ConfettiAnimation */;
			targetProxy = B5DD4ACE283CC2190059F195 /* PBXContainerItemProxy */;
		};
		B5DD4AD9283CC2190059F195 /* PBXTargetDependency */ = {
			isa = PBXTargetDependency;
			target = B5DD4AB6283CC2170059F195 /* ConfettiAnimation */;
			targetProxy = B5DD4AD8283CC2190059F195 /* PBXContainerItemProxy */;
		};
/* End PBXTargetDependency section */

/* Begin PBXVariantGroup section */
		B5DD4AC0283CC2170059F195 /* Main.storyboard */ = {
			isa = PBXVariantGroup;
			children = (
				B5DD4AC1283CC2170059F195 /* Base */,
			);
			name = Main.storyboard;
			sourceTree = "<group>";
		};
		B5DD4AC5283CC2190059F195 /* LaunchScreen.storyboard */ = {
			isa = PBXVariantGroup;
			children = (
				B5DD4AC6283CC2190059F195 /* Base */,
			);
			name = LaunchScreen.storyboard;
			sourceTree = "<group>";
		};
/* End PBXVariantGroup section */

/* Begin XCBuildConfiguration section */
		B5DD4ADF283CC2190059F195 /* Debug */ = {
			isa = XCBuildConfiguration;
			buildSettings = {
				ALWAYS_SEARCH_USER_PATHS = NO;
				CLANG_ANALYZER_NONNULL = YES;
				CLANG_ANALYZER_NUMBER_OBJECT_CONVERSION = YES_AGGRESSIVE;
				CLANG_CXX_LANGUAGE_STANDARD = "gnu++17";
				CLANG_ENABLE_MODULES = YES;
				CLANG_ENABLE_OBJC_ARC = YES;
				CLANG_ENABLE_OBJC_WEAK = YES;
				CLANG_WARN_BLOCK_CAPTURE_AUTORELEASING = YES;
				CLANG_WARN_BOOL_CONVERSION = YES;
				CLANG_WARN_COMMA = YES;
				CLANG_WARN_CONSTANT_CONVERSION = YES;
				CLANG_WARN_DEPRECATED_OBJC_IMPLEMENTATIONS = YES;
				CLANG_WARN_DIRECT_OBJC_ISA_USAGE = YES_ERROR;
				CLANG_WARN_DOCUMENTATION_COMMENTS = YES;
				CLANG_WARN_EMPTY_BODY = YES;
				CLANG_WARN_ENUM_CONVERSION = YES;
				CLANG_WARN_INFINITE_RECURSION = YES;
				CLANG_WARN_INT_CONVERSION = YES;
				CLANG_WARN_NON_LITERAL_NULL_CONVERSION = YES;
				CLANG_WARN_OBJC_IMPLICIT_RETAIN_SELF = YES;
				CLANG_WARN_OBJC_LITERAL_CONVERSION = YES;
				CLANG_WARN_OBJC_ROOT_CLASS = YES_ERROR;
				CLANG_WARN_QUOTED_INCLUDE_IN_FRAMEWORK_HEADER = YES;
				CLANG_WARN_RANGE_LOOP_ANALYSIS = YES;
				CLANG_WARN_STRICT_PROTOTYPES = YES;
				CLANG_WARN_SUSPICIOUS_MOVE = YES;
				CLANG_WARN_UNGUARDED_AVAILABILITY = YES_AGGRESSIVE;
				CLANG_WARN_UNREACHABLE_CODE = YES;
				CLANG_WARN__DUPLICATE_METHOD_MATCH = YES;
				COPY_PHASE_STRIP = NO;
				DEBUG_INFORMATION_FORMAT = dwarf;
				ENABLE_STRICT_OBJC_MSGSEND = YES;
				ENABLE_TESTABILITY = YES;
				GCC_C_LANGUAGE_STANDARD = gnu11;
				GCC_DYNAMIC_NO_PIC = NO;
				GCC_NO_COMMON_BLOCKS = YES;
				GCC_OPTIMIZATION_LEVEL = 0;
				GCC_PREPROCESSOR_DEFINITIONS = (
					"DEBUG=1",
					"$(inherited)",
				);
				GCC_WARN_64_TO_32_BIT_CONVERSION = YES;
				GCC_WARN_ABOUT_RETURN_TYPE = YES_ERROR;
				GCC_WARN_UNDECLARED_SELECTOR = YES;
				GCC_WARN_UNINITIALIZED_AUTOS = YES_AGGRESSIVE;
				GCC_WARN_UNUSED_FUNCTION = YES;
				GCC_WARN_UNUSED_VARIABLE = YES;
				IPHONEOS_DEPLOYMENT_TARGET = 15.4;
				MTL_ENABLE_DEBUG_INFO = INCLUDE_SOURCE;
				MTL_FAST_MATH = YES;
				ONLY_ACTIVE_ARCH = YES;
				SDKROOT = iphoneos;
				SWIFT_ACTIVE_COMPILATION_CONDITIONS = DEBUG;
				SWIFT_OPTIMIZATION_LEVEL = "-Onone";
			};
			name = Debug;
		};
		B5DD4AE0283CC2190059F195 /* Release */ = {
			isa = XCBuildConfiguration;
			buildSettings = {
				ALWAYS_SEARCH_USER_PATHS = NO;
				CLANG_ANALYZER_NONNULL = YES;
				CLANG_ANALYZER_NUMBER_OBJECT_CONVERSION = YES_AGGRESSIVE;
				CLANG_CXX_LANGUAGE_STANDARD = "gnu++17";
				CLANG_ENABLE_MODULES = YES;
				CLANG_ENABLE_OBJC_ARC = YES;
				CLANG_ENABLE_OBJC_WEAK = YES;
				CLANG_WARN_BLOCK_CAPTURE_AUTORELEASING = YES;
				CLANG_WARN_BOOL_CONVERSION = YES;
				CLANG_WARN_COMMA = YES;
				CLANG_WARN_CONSTANT_CONVERSION = YES;
				CLANG_WARN_DEPRECATED_OBJC_IMPLEMENTATIONS = YES;
				CLANG_WARN_DIRECT_OBJC_ISA_USAGE = YES_ERROR;
				CLANG_WARN_DOCUMENTATION_COMMENTS = YES;
				CLANG_WARN_EMPTY_BODY = YES;
				CLANG_WARN_ENUM_CONVERSION = YES;
				CLANG_WARN_INFINITE_RECURSION = YES;
				CLANG_WARN_INT_CONVERSION = YES;
				CLANG_WARN_NON_LITERAL_NULL_CONVERSION = YES;
				CLANG_WARN_OBJC_IMPLICIT_RETAIN_SELF = YES;
				CLANG_WARN_OBJC_LITERAL_CONVERSION = YES;
				CLANG_WARN_OBJC_ROOT_CLASS = YES_ERROR;
				CLANG_WARN_QUOTED_INCLUDE_IN_FRAMEWORK_HEADER = YES;
				CLANG_WARN_RANGE_LOOP_ANALYSIS = YES;
				CLANG_WARN_STRICT_PROTOTYPES = YES;
				CLANG_WARN_SUSPICIOUS_MOVE = YES;
				CLANG_WARN_UNGUARDED_AVAILABILITY = YES_AGGRESSIVE;
				CLANG_WARN_UNREACHABLE_CODE = YES;
				CLANG_WARN__DUPLICATE_METHOD_MATCH = YES;
				COPY_PHASE_STRIP = NO;
				DEBUG_INFORMATION_FORMAT = "dwarf-with-dsym";
				ENABLE_NS_ASSERTIONS = NO;
				ENABLE_STRICT_OBJC_MSGSEND = YES;
				GCC_C_LANGUAGE_STANDARD = gnu11;
				GCC_NO_COMMON_BLOCKS = YES;
				GCC_WARN_64_TO_32_BIT_CONVERSION = YES;
				GCC_WARN_ABOUT_RETURN_TYPE = YES_ERROR;
				GCC_WARN_UNDECLARED_SELECTOR = YES;
				GCC_WARN_UNINITIALIZED_AUTOS = YES_AGGRESSIVE;
				GCC_WARN_UNUSED_FUNCTION = YES;
				GCC_WARN_UNUSED_VARIABLE = YES;
				IPHONEOS_DEPLOYMENT_TARGET = 15.4;
				MTL_ENABLE_DEBUG_INFO = NO;
				MTL_FAST_MATH = YES;
				SDKROOT = iphoneos;
				SWIFT_COMPILATION_MODE = wholemodule;
				SWIFT_OPTIMIZATION_LEVEL = "-O";
				VALIDATE_PRODUCT = YES;
			};
			name = Release;
		};
		B5DD4AE2283CC2190059F195 /* Debug */ = {
			isa = XCBuildConfiguration;
			buildSettings = {
				ASSETCATALOG_COMPILER_APPICON_NAME = AppIcon;
				ASSETCATALOG_COMPILER_GLOBAL_ACCENT_COLOR_NAME = AccentColor;
				CODE_SIGN_STYLE = Automatic;
				CURRENT_PROJECT_VERSION = 1;
				DEVELOPMENT_TEAM = 5P74WJZFNA;
				GENERATE_INFOPLIST_FILE = YES;
				INFOPLIST_FILE = ConfettiAnimation/Info.plist;
				INFOPLIST_KEY_UIApplicationSupportsIndirectInputEvents = YES;
				INFOPLIST_KEY_UILaunchStoryboardName = LaunchScreen;
				INFOPLIST_KEY_UIMainStoryboardFile = Main;
				INFOPLIST_KEY_UISupportedInterfaceOrientations_iPad = "UIInterfaceOrientationPortrait UIInterfaceOrientationPortraitUpsideDown UIInterfaceOrientationLandscapeLeft UIInterfaceOrientationLandscapeRight";
				INFOPLIST_KEY_UISupportedInterfaceOrientations_iPhone = "UIInterfaceOrientationPortrait UIInterfaceOrientationLandscapeLeft UIInterfaceOrientationLandscapeRight";
				LD_RUNPATH_SEARCH_PATHS = (
					"$(inherited)",
					"@executable_path/Frameworks",
				);
				MARKETING_VERSION = 1.0;
				PRODUCT_BUNDLE_IDENTIFIER = com.videomerge.ConfettiAnimation;
				PRODUCT_NAME = "$(TARGET_NAME)";
				SWIFT_EMIT_LOC_STRINGS = YES;
				SWIFT_VERSION = 5.0;
				TARGETED_DEVICE_FAMILY = "1,2";
			};
			name = Debug;
		};
		B5DD4AE3283CC2190059F195 /* Release */ = {
			isa = XCBuildConfiguration;
			buildSettings = {
				ASSETCATALOG_COMPILER_APPICON_NAME = AppIcon;
				ASSETCATALOG_COMPILER_GLOBAL_ACCENT_COLOR_NAME = AccentColor;
				CODE_SIGN_STYLE = Automatic;
				CURRENT_PROJECT_VERSION = 1;
				DEVELOPMENT_TEAM = 5P74WJZFNA;
				GENERATE_INFOPLIST_FILE = YES;
				INFOPLIST_FILE = ConfettiAnimation/Info.plist;
				INFOPLIST_KEY_UIApplicationSupportsIndirectInputEvents = YES;
				INFOPLIST_KEY_UILaunchStoryboardName = LaunchScreen;
				INFOPLIST_KEY_UIMainStoryboardFile = Main;
				INFOPLIST_KEY_UISupportedInterfaceOrientations_iPad = "UIInterfaceOrientationPortrait UIInterfaceOrientationPortraitUpsideDown UIInterfaceOrientationLandscapeLeft UIInterfaceOrientationLandscapeRight";
				INFOPLIST_KEY_UISupportedInterfaceOrientations_iPhone = "UIInterfaceOrientationPortrait UIInterfaceOrientationLandscapeLeft UIInterfaceOrientationLandscapeRight";
				LD_RUNPATH_SEARCH_PATHS = (
					"$(inherited)",
					"@executable_path/Frameworks",
				);
				MARKETING_VERSION = 1.0;
				PRODUCT_BUNDLE_IDENTIFIER = com.videomerge.ConfettiAnimation;
				PRODUCT_NAME = "$(TARGET_NAME)";
				SWIFT_EMIT_LOC_STRINGS = YES;
				SWIFT_VERSION = 5.0;
				TARGETED_DEVICE_FAMILY = "1,2";
			};
			name = Release;
		};
		B5DD4AE5283CC2190059F195 /* Debug */ = {
			isa = XCBuildConfiguration;
			buildSettings = {
				ALWAYS_EMBED_SWIFT_STANDARD_LIBRARIES = YES;
				BUNDLE_LOADER = "$(TEST_HOST)";
				CODE_SIGN_STYLE = Automatic;
				CURRENT_PROJECT_VERSION = 1;
				DEVELOPMENT_TEAM = 5P74WJZFNA;
				GENERATE_INFOPLIST_FILE = YES;
				IPHONEOS_DEPLOYMENT_TARGET = 15.4;
				MARKETING_VERSION = 1.0;
				PRODUCT_BUNDLE_IDENTIFIER = com.videomerge.ConfettiAnimationTests;
				PRODUCT_NAME = "$(TARGET_NAME)";
				SWIFT_EMIT_LOC_STRINGS = NO;
				SWIFT_VERSION = 5.0;
				TARGETED_DEVICE_FAMILY = "1,2";
				TEST_HOST = "$(BUILT_PRODUCTS_DIR)/ConfettiAnimation.app/ConfettiAnimation";
			};
			name = Debug;
		};
		B5DD4AE6283CC2190059F195 /* Release */ = {
			isa = XCBuildConfiguration;
			buildSettings = {
				ALWAYS_EMBED_SWIFT_STANDARD_LIBRARIES = YES;
				BUNDLE_LOADER = "$(TEST_HOST)";
				CODE_SIGN_STYLE = Automatic;
				CURRENT_PROJECT_VERSION = 1;
				DEVELOPMENT_TEAM = 5P74WJZFNA;
				GENERATE_INFOPLIST_FILE = YES;
				IPHONEOS_DEPLOYMENT_TARGET = 15.4;
				MARKETING_VERSION = 1.0;
				PRODUCT_BUNDLE_IDENTIFIER = com.videomerge.ConfettiAnimationTests;
				PRODUCT_NAME = "$(TARGET_NAME)";
				SWIFT_EMIT_LOC_STRINGS = NO;
				SWIFT_VERSION = 5.0;
				TARGETED_DEVICE_FAMILY = "1,2";
				TEST_HOST = "$(BUILT_PRODUCTS_DIR)/ConfettiAnimation.app/ConfettiAnimation";
			};
			name = Release;
		};
		B5DD4AE8283CC2190059F195 /* Debug */ = {
			isa = XCBuildConfiguration;
			buildSettings = {
				ALWAYS_EMBED_SWIFT_STANDARD_LIBRARIES = YES;
				CODE_SIGN_STYLE = Automatic;
				CURRENT_PROJECT_VERSION = 1;
				DEVELOPMENT_TEAM = 5P74WJZFNA;
				GENERATE_INFOPLIST_FILE = YES;
				MARKETING_VERSION = 1.0;
				PRODUCT_BUNDLE_IDENTIFIER = com.videomerge.ConfettiAnimationUITests;
				PRODUCT_NAME = "$(TARGET_NAME)";
				SWIFT_EMIT_LOC_STRINGS = NO;
				SWIFT_VERSION = 5.0;
				TARGETED_DEVICE_FAMILY = "1,2";
				TEST_TARGET_NAME = ConfettiAnimation;
			};
			name = Debug;
		};
		B5DD4AE9283CC2190059F195 /* Release */ = {
			isa = XCBuildConfiguration;
			buildSettings = {
				ALWAYS_EMBED_SWIFT_STANDARD_LIBRARIES = YES;
				CODE_SIGN_STYLE = Automatic;
				CURRENT_PROJECT_VERSION = 1;
				DEVELOPMENT_TEAM = 5P74WJZFNA;
				GENERATE_INFOPLIST_FILE = YES;
				MARKETING_VERSION = 1.0;
				PRODUCT_BUNDLE_IDENTIFIER = com.videomerge.ConfettiAnimationUITests;
				PRODUCT_NAME = "$(TARGET_NAME)";
				SWIFT_EMIT_LOC_STRINGS = NO;
				SWIFT_VERSION = 5.0;
				TARGETED_DEVICE_FAMILY = "1,2";
				TEST_TARGET_NAME = ConfettiAnimation;
			};
			name = Release;
		};
/* End XCBuildConfiguration section */

/* Begin XCConfigurationList section */
		B5DD4AB2283CC2170059F195 /* Build configuration list for PBXProject "ConfettiAnimation" */ = {
			isa = XCConfigurationList;
			buildConfigurations = (
				B5DD4ADF283CC2190059F195 /* Debug */,
				B5DD4AE0283CC2190059F195 /* Release */,
			);
			defaultConfigurationIsVisible = 0;
			defaultConfigurationName = Release;
		};
		B5DD4AE1283CC2190059F195 /* Build configuration list for PBXNativeTarget "ConfettiAnimation" */ = {
			isa = XCConfigurationList;
			buildConfigurations = (
				B5DD4AE2283CC2190059F195 /* Debug */,
				B5DD4AE3283CC2190059F195 /* Release */,
			);
			defaultConfigurationIsVisible = 0;
			defaultConfigurationName = Release;
		};
		B5DD4AE4283CC2190059F195 /* Build configuration list for PBXNativeTarget "ConfettiAnimationTests" */ = {
			isa = XCConfigurationList;
			buildConfigurations = (
				B5DD4AE5283CC2190059F195 /* Debug */,
				B5DD4AE6283CC2190059F195 /* Release */,
			);
			defaultConfigurationIsVisible = 0;
			defaultConfigurationName = Release;
		};
		B5DD4AE7283CC2190059F195 /* Build configuration list for PBXNativeTarget "ConfettiAnimationUITests" */ = {
			isa = XCConfigurationList;
			buildConfigurations = (
				B5DD4AE8283CC2190059F195 /* Debug */,
				B5DD4AE9283CC2190059F195 /* Release */,
			);
			defaultConfigurationIsVisible = 0;
			defaultConfigurationName = Release;
		};
/* End XCConfigurationList section */
	};
	rootObject = B5DD4AAF283CC2170059F195 /* Project object */;
}
